
Microsoft Visual Studio Solution File, Format Version 12.00
# Visual Studio Version 16
VisualStudioVersion = 16.0.31205.134
MinimumVisualStudioVersion = 10.0.40219.1
Project("{FAE04EC0-301F-11D3-BF4B-00C04F79EFBC}") = "ParkyAPI", "ParkyAPI\ParkyAPI.csproj", "{47BC33B6-D75A-4DDC-B215-18256F72B7D0}"
EndProject
Global
	GlobalSection(SolutionConfigurationPlatforms) = preSolution
		Debug|Any CPU = Debug|Any CPU
		Release|Any CPU = Release|Any CPU
	EndGlobalSection
	GlobalSection(ProjectConfigurationPlatforms) = postSolution
		{47BC33B6-D75A-4DDC-B215-18256F72B7D0}.Debug|Any CPU.ActiveCfg = Debug|Any CPU
		{47BC33B6-D75A-4DDC-B215-18256F72B7D0}.Debug|Any CPU.Build.0 = Debug|Any CPU
		{47BC33B6-D75A-4DDC-B215-18256F72B7D0}.Release|Any CPU.ActiveCfg = Release|Any CPU
		{47BC33B6-D75A-4DDC-B215-18256F72B7D0}.Release|Any CPU.Build.0 = Release|Any CPU
	EndGlobalSection
	GlobalSection(SolutionProperties) = preSolution
		HideSolutionNode = FALSE
	EndGlobalSection
	GlobalSection(ExtensibilityGlobals) = postSolution
		SolutionGuid = {05AD805F-947E-464F-90FC-64F28147FEE0}
	EndGlobalSection
EndGlobal
